
Microsoft Visual Studio Solution File, Format Version 12.00
# Visual Studio Version 17
VisualStudioVersion = 17.7.34031.279
MinimumVisualStudioVersion = 10.0.40219.1
Project("{FAE04EC0-301F-11D3-BF4B-00C04F79EFBC}") = "TestGitlab", "TestGitlab\TestGitlab.csproj", "{EFA57DA9-1589-4DEE-A710-A4662C3359CE}"
EndProject
Global
	GlobalSection(SolutionConfigurationPlatforms) = preSolution
		Debug|Any CPU = Debug|Any CPU
		Release|Any CPU = Release|Any CPU
	EndGlobalSection
	GlobalSection(ProjectConfigurationPlatforms) = postSolution
		{EFA57DA9-1589-4DEE-A710-A4662C3359CE}.Debug|Any CPU.ActiveCfg = Debug|Any CPU
		{EFA57DA9-1589-4DEE-A710-A4662C3359CE}.Debug|Any CPU.Build.0 = Debug|Any CPU
		{EFA57DA9-1589-4DEE-A710-A4662C3359CE}.Release|Any CPU.ActiveCfg = Release|Any CPU
		{EFA57DA9-1589-4DEE-A710-A4662C3359CE}.Release|Any CPU.Build.0 = Release|Any CPU
	EndGlobalSection
	GlobalSection(SolutionProperties) = preSolution
		HideSolutionNode = FALSE
	EndGlobalSection
	GlobalSection(ExtensibilityGlobals) = postSolution
		SolutionGuid = {1662D115-8066-44B2-BDB3-9D8B454AB983}
	EndGlobalSection
EndGlobal
